<?xml version="1.0" encoding="utf-8"?>
<Project ToolsVersion="4.0" xmlns="http://schemas.microsoft.com/developer/msbuild/2003">
  <ItemGroup>
    <Filter Include="Source Files">
      <UniqueIdentifier>{4FC737F1-C7A5-4376-A066-2A32D752A2FF}</UniqueIdentifier>
      <Extensions>qml;cpp;c;cc;cxx;def;odl;idl;hpj;bat;asm;asmx</Extensions>
    </Filter>
    <Filter Include="Header Files">
      <UniqueIdentifier>{93995380-89BD-4b04-88EB-625FBE52EBFB}</UniqueIdentifier>
      <Extensions>h;hh;hpp;hxx;hm;inl;inc;xsd</Extensions>
    </Filter>
    <Filter Include="Resource Files">
      <UniqueIdentifier>{67DA6AB6-F800-4c08-8B7A-83BB121AAD01}</UniqueIdentifier>
      <Extensions>qrc;rc;ico;cur;bmp;dlg;rc2;rct;bin;rgs;gif;jpg;jpeg;jpe;resx;tiff;tif;png;wav;mfcribbon-ms</Extensions>
    </Filter>
    <Filter Include="Form Files">
      <UniqueIdentifier>{99349809-55BA-4b9d-BF79-8FDBB0286EB3}</UniqueIdentifier>
      <Extensions>ui</Extensions>
    </Filter>
    <Filter Include="Translation Files">
      <UniqueIdentifier>{639EADAA-A684-42e4-A9AD-28FC9BCB8F7C}</UniqueIdentifier>
      <Extensions>ts</Extensions>
    </Filter>
  </ItemGroup>
  <ItemGroup>
    <QtRcc Include="QtWidgetsApplication6.qrc">
      <Filter>Resource Files</Filter>
    </QtRcc>
    <QtUic Include="QtWidgetsApplication6.ui">
      <Filter>Form Files</Filter>
    </QtUic>
    <ClCompile Include="QtWidgetsApplication6.cpp">
      <Filter>Source Files</Filter>
    </ClCompile>
  </ItemGroup>
  <ItemGroup>
    <ClCompile Include="main.cpp">
      <Filter>Source Files</Filter>
    </ClCompile>
    <ClCompile Include="NurbsSDK\Volume.cpp">
      <Filter>Source Files</Filter>
    </ClCompile>
    <ClCompile Include="NurbsSDK\tinyXML\tinyxmlparser.cpp">
      <Filter>Source Files</Filter>
    </ClCompile>
    <ClCompile Include="NurbsSDK\tinyXML\tinyxmlerror.cpp">
      <Filter>Source Files</Filter>
    </ClCompile>
    <ClCompile Include="NurbsSDK\tinyXML\tinyxml.cpp">
      <Filter>Source Files</Filter>
    </ClCompile>
    <ClCompile Include="NurbsSDK\tinyXML\tinystr.cpp">
      <Filter>Source Files</Filter>
    </ClCompile>
    <ClCompile Include="NurbsSDK\Surface.cpp">
      <Filter>Source Files</Filter>
    </ClCompile>
    <ClCompile Include="NurbsSDK\MultiGeo.cpp">
      <Filter>Source Files</Filter>
    </ClCompile>
    <ClCompile Include="NurbsSDK\FileUtil.cpp">
      <Filter>Source Files</Filter>
    </ClCompile>
    <ClCompile Include="NurbsSDK\Curve.cpp">
      <Filter>Source Files</Filter>
    </ClCompile>
    <ClCompile Include="NurbsSDK\Basis.cpp">
      <Filter>Source Files</Filter>
    </ClCompile>
    <ClCompile Include="NurbsSDK\AutoGeoCreate.cpp">
      <Filter>Source Files</Filter>
    </ClCompile>
    <ClCompile Include="OpenGLWidget.cpp">
      <Filter>Source Files</Filter>
    </ClCompile>
    <ClCompile Include="BSplineCurve.cpp">
      <Filter>Source Files</Filter>
    </ClCompile>
    <ClCompile Include="BezierCurve.cpp">
      <Filter>Source Files</Filter>
    </ClCompile>
    <ClCompile Include="Tmesh.cpp">
      <Filter>Source Files</Filter>
    </ClCompile>
  </ItemGroup>
  <ItemGroup>
    <ClInclude Include="NurbsSDK\AutoGeoCreate.h">
      <Filter>Header Files</Filter>
    </ClInclude>
    <ClInclude Include="NurbsSDK\Basis.h">
      <Filter>Header Files</Filter>
    </ClInclude>
    <ClInclude Include="NurbsSDK\Curve.h">
      <Filter>Header Files</Filter>
    </ClInclude>
    <ClInclude Include="NurbsSDK\FileUtil.h">
      <Filter>Header Files</Filter>
    </ClInclude>
    <ClInclude Include="NurbsSDK\Geo.h">
      <Filter>Header Files</Filter>
    </ClInclude>
    <ClInclude Include="NurbsSDK\MultiGeo.h">
      <Filter>Header Files</Filter>
    </ClInclude>
    <ClInclude Include="NurbsSDK\Surface.h">
      <Filter>Header Files</Filter>
    </ClInclude>
    <ClInclude Include="NurbsSDK\Volume.h">
      <Filter>Header Files</Filter>
    </ClInclude>
    <ClInclude Include="NurbsSDK\tinyXML\tinystr.h">
      <Filter>Header Files</Filter>
    </ClInclude>
    <ClInclude Include="NurbsSDK\tinyXML\tinyxml.h">
      <Filter>Header Files</Filter>
    </ClInclude>
    <ClInclude Include="BezierCurve.h">
      <Filter>Header Files</Filter>
    </ClInclude>
    <ClInclude Include="BSplineCurve.h">
      <Filter>Header Files</Filter>
    </ClInclude>
    <ClInclude Include="Tmesh.h">
      <Filter>Header Files</Filter>
    </ClInclude>
  </ItemGroup>
  <ItemGroup>
    <QtMoc Include="QtWidgetsApplication6.h">
      <Filter>Header Files</Filter>
    </QtMoc>
    <QtMoc Include="OpenGLWidget.h">
      <Filter>Header Files</Filter>
    </QtMoc>
  </ItemGroup>
</Project>